// !$*UTF8*$!
{
	archiveVersion = 1;
	classes = {
	};
	objectVersion = 55;
	objects = {

/* Begin PBXBuildFile section */
		2250BA4029102C9800704CD7 /* AppDelegate.swift in Sources */ = {isa = PBXBuildFile; fileRef = 2250BA3F29102C9800704CD7 /* AppDelegate.swift */; };
		2250BA4229102C9800704CD7 /* SceneDelegate.swift in Sources */ = {isa = PBXBuildFile; fileRef = 2250BA4129102C9800704CD7 /* SceneDelegate.swift */; };
		2250BA4429102C9800704CD7 /* ViewController.swift in Sources */ = {isa = PBXBuildFile; fileRef = 2250BA4329102C9800704CD7 /* ViewController.swift */; };
		2250BA4729102C9800704CD7 /* Main.storyboard in Resources */ = {isa = PBXBuildFile; fileRef = 2250BA4529102C9800704CD7 /* Main.storyboard */; };
		2250BA4929102C9A00704CD7 /* Assets.xcassets in Resources */ = {isa = PBXBuildFile; fileRef = 2250BA4829102C9A00704CD7 /* Assets.xcassets */; };
		2250BA4C29102C9A00704CD7 /* LaunchScreen.storyboard in Resources */ = {isa = PBXBuildFile; fileRef = 2250BA4A29102C9A00704CD7 /* LaunchScreen.storyboard */; };
		2250BA5729102D5F00704CD7 /* HomeStoryBoard.storyboard in Resources */ = {isa = PBXBuildFile; fileRef = 2250BA5629102D5F00704CD7 /* HomeStoryBoard.storyboard */; };
		2250BA5A29102D8D00704CD7 /* HomeWireFrame.swift in Sources */ = {isa = PBXBuildFile; fileRef = 2250BA5929102D8D00704CD7 /* HomeWireFrame.swift */; };
		2250BA5D29102DE100704CD7 /* HomeView.swift in Sources */ = {isa = PBXBuildFile; fileRef = 2250BA5C29102DE100704CD7 /* HomeView.swift */; };
		2250BA6129102E4900704CD7 /* UIViewController+Storyboard.swift in Sources */ = {isa = PBXBuildFile; fileRef = 2250BA6029102E4900704CD7 /* UIViewController+Storyboard.swift */; };
		2250BA6429102EB000704CD7 /* HomeProtocols.swift in Sources */ = {isa = PBXBuildFile; fileRef = 2250BA6329102EB000704CD7 /* HomeProtocols.swift */; };
		2250BA6629102F0300704CD7 /* HomePresenter.swift in Sources */ = {isa = PBXBuildFile; fileRef = 2250BA6529102F0300704CD7 /* HomePresenter.swift */; };
		2250BA6929102F6200704CD7 /* HomeInteractor.swift in Sources */ = {isa = PBXBuildFile; fileRef = 2250BA6829102F6200704CD7 /* HomeInteractor.swift */; };
		2250BA6B29102FA700704CD7 /* HomeLocalDataManager.swift in Sources */ = {isa = PBXBuildFile; fileRef = 2250BA6A29102FA700704CD7 /* HomeLocalDataManager.swift */; };
		2250BA6D29102FCA00704CD7 /* HomeRemoteDataManager.swift in Sources */ = {isa = PBXBuildFile; fileRef = 2250BA6C29102FCA00704CD7 /* HomeRemoteDataManager.swift */; };
		2250BA6F2910333F00704CD7 /* HomeView+UITableViewDelegate.swift in Sources */ = {isa = PBXBuildFile; fileRef = 2250BA6E2910333F00704CD7 /* HomeView+UITableViewDelegate.swift */; };
		2250BA722910342300704CD7 /* NameTVC.swift in Sources */ = {isa = PBXBuildFile; fileRef = 2250BA712910342300704CD7 /* NameTVC.swift */; };
		2250BA742910345D00704CD7 /* NameTVC.xib in Resources */ = {isa = PBXBuildFile; fileRef = 2250BA732910345D00704CD7 /* NameTVC.xib */; };
		2250BA762910383F00704CD7 /* PhotoTVC.swift in Sources */ = {isa = PBXBuildFile; fileRef = 2250BA752910383F00704CD7 /* PhotoTVC.swift */; };
		2250BA782910387B00704CD7 /* PhotoTVC.xib in Resources */ = {isa = PBXBuildFile; fileRef = 2250BA772910387B00704CD7 /* PhotoTVC.xib */; };
		2250BA7A29103B3600704CD7 /* GraphicsTVC.swift in Sources */ = {isa = PBXBuildFile; fileRef = 2250BA7929103B3600704CD7 /* GraphicsTVC.swift */; };
		2250BA7C29103B4500704CD7 /* GraphicsTVC.xib in Resources */ = {isa = PBXBuildFile; fileRef = 2250BA7B29103B4500704CD7 /* GraphicsTVC.xib */; };
		2250BA7F29104ABF00704CD7 /* PhotoView.swift in Sources */ = {isa = PBXBuildFile; fileRef = 2250BA7E29104ABF00704CD7 /* PhotoView.swift */; };
		2250BA81291050AC00704CD7 /* UIView+Extensions.swift in Sources */ = {isa = PBXBuildFile; fileRef = 2250BA80291050AC00704CD7 /* UIView+Extensions.swift */; };
		2250BA8A2911784300704CD7 /* HomeGraphWireFrame.swift in Sources */ = {isa = PBXBuildFile; fileRef = 2250BA892911784300704CD7 /* HomeGraphWireFrame.swift */; };
		2250BA8D2911789A00704CD7 /* HomeGraphView.swift in Sources */ = {isa = PBXBuildFile; fileRef = 2250BA8C2911789A00704CD7 /* HomeGraphView.swift */; };
		2250BA90291178CC00704CD7 /* HomeGraphPresenter.swift in Sources */ = {isa = PBXBuildFile; fileRef = 2250BA8F291178CC00704CD7 /* HomeGraphPresenter.swift */; };
		2250BA92291178D800704CD7 /* HomeGraphProtocols.swift in Sources */ = {isa = PBXBuildFile; fileRef = 2250BA91291178D800704CD7 /* HomeGraphProtocols.swift */; };
		2250BA94291178E900704CD7 /* HomeGraphInteractor.swift in Sources */ = {isa = PBXBuildFile; fileRef = 2250BA93291178E900704CD7 /* HomeGraphInteractor.swift */; };
		2250BA9829117B4A00704CD7 /* HomeRouter.swift in Sources */ = {isa = PBXBuildFile; fileRef = 2250BA9729117B4A00704CD7 /* HomeRouter.swift */; };
		2250BA9A291185EA00704CD7 /* HomeGraphRemoteDataManager.swift in Sources */ = {isa = PBXBuildFile; fileRef = 2250BA99291185EA00704CD7 /* HomeGraphRemoteDataManager.swift */; };
		2250BA9D2911901D00704CD7 /* GraphicModel.swift in Sources */ = {isa = PBXBuildFile; fileRef = 2250BA9C2911901D00704CD7 /* GraphicModel.swift */; };
		2250BAA02911916900704CD7 /* GraphicService.swift in Sources */ = {isa = PBXBuildFile; fileRef = 2250BA9F2911916900704CD7 /* GraphicService.swift */; };
		2250BAA32911996A00704CD7 /* GraphTVC.swift in Sources */ = {isa = PBXBuildFile; fileRef = 2250BAA22911996A00704CD7 /* GraphTVC.swift */; };
		2250BAA52911997A00704CD7 /* GraphTVC.xib in Resources */ = {isa = PBXBuildFile; fileRef = 2250BAA42911997A00704CD7 /* GraphTVC.xib */; };
		2250BAA729119B8200704CD7 /* HomeGraphView+UITableViewDelegate.swift in Sources */ = {isa = PBXBuildFile; fileRef = 2250BAA629119B8200704CD7 /* HomeGraphView+UITableViewDelegate.swift */; };
		2250BAA92911AC3800704CD7 /* GoogleService-Info.plist in Resources */ = {isa = PBXBuildFile; fileRef = 2250BAA82911AC3800704CD7 /* GoogleService-Info.plist */; };
		2250BAAC2911B42C00704CD7 /* BackgroundView.swift in Sources */ = {isa = PBXBuildFile; fileRef = 2250BAAB2911B42C00704CD7 /* BackgroundView.swift */; };
		2250BAAE2911D8BD00704CD7 /* UIColor+Extensions.swift in Sources */ = {isa = PBXBuildFile; fileRef = 2250BAAD2911D8BD00704CD7 /* UIColor+Extensions.swift */; };
		2250BAB12911E12800704CD7 /* ProfileModel.swift in Sources */ = {isa = PBXBuildFile; fileRef = 2250BAB02911E12800704CD7 /* ProfileModel.swift */; };
		76DE711975009E1EB9FA31BD /* Pods_Test_Azteca.framework in Frameworks */ = {isa = PBXBuildFile; fileRef = 69A8E5C854A8BF3D99878962 /* Pods_Test_Azteca.framework */; };
/* End PBXBuildFile section */

/* Begin PBXFileReference section */
		2250BA3C29102C9800704CD7 /* Test_Azteca.app */ = {isa = PBXFileReference; explicitFileType = wrapper.application; includeInIndex = 0; path = Test_Azteca.app; sourceTree = BUILT_PRODUCTS_DIR; };
		2250BA3F29102C9800704CD7 /* AppDelegate.swift */ = {isa = PBXFileReference; lastKnownFileType = sourcecode.swift; path = AppDelegate.swift; sourceTree = "<group>"; };
		2250BA4129102C9800704CD7 /* SceneDelegate.swift */ = {isa = PBXFileReference; lastKnownFileType = sourcecode.swift; path = SceneDelegate.swift; sourceTree = "<group>"; };
		2250BA4329102C9800704CD7 /* ViewController.swift */ = {isa = PBXFileReference; lastKnownFileType = sourcecode.swift; path = ViewController.swift; sourceTree = "<group>"; };
		2250BA4629102C9800704CD7 /* Base */ = {isa = PBXFileReference; lastKnownFileType = file.storyboard; name = Base; path = Base.lproj/Main.storyboard; sourceTree = "<group>"; };
		2250BA4829102C9A00704CD7 /* Assets.xcassets */ = {isa = PBXFileReference; lastKnownFileType = folder.assetcatalog; path = Assets.xcassets; sourceTree = "<group>"; };
		2250BA4B29102C9A00704CD7 /* Base */ = {isa = PBXFileReference; lastKnownFileType = file.storyboard; name = Base; path = Base.lproj/LaunchScreen.storyboard; sourceTree = "<group>"; };
		2250BA4D29102C9A00704CD7 /* Info.plist */ = {isa = PBXFileReference; lastKnownFileType = text.plist.xml; path = Info.plist; sourceTree = "<group>"; };
		2250BA5629102D5F00704CD7 /* HomeStoryBoard.storyboard */ = {isa = PBXFileReference; lastKnownFileType = file.storyboard; path = HomeStoryBoard.storyboard; sourceTree = "<group>"; };
		2250BA5929102D8D00704CD7 /* HomeWireFrame.swift */ = {isa = PBXFileReference; lastKnownFileType = sourcecode.swift; path = HomeWireFrame.swift; sourceTree = "<group>"; };
		2250BA5C29102DE100704CD7 /* HomeView.swift */ = {isa = PBXFileReference; lastKnownFileType = sourcecode.swift; path = HomeView.swift; sourceTree = "<group>"; };
		2250BA6029102E4900704CD7 /* UIViewController+Storyboard.swift */ = {isa = PBXFileReference; lastKnownFileType = sourcecode.swift; path = "UIViewController+Storyboard.swift"; sourceTree = "<group>"; };
		2250BA6329102EB000704CD7 /* HomeProtocols.swift */ = {isa = PBXFileReference; lastKnownFileType = sourcecode.swift; path = HomeProtocols.swift; sourceTree = "<group>"; };
		2250BA6529102F0300704CD7 /* HomePresenter.swift */ = {isa = PBXFileReference; lastKnownFileType = sourcecode.swift; path = HomePresenter.swift; sourceTree = "<group>"; };
		2250BA6829102F6200704CD7 /* HomeInteractor.swift */ = {isa = PBXFileReference; lastKnownFileType = sourcecode.swift; path = HomeInteractor.swift; sourceTree = "<group>"; };
		2250BA6A29102FA700704CD7 /* HomeLocalDataManager.swift */ = {isa = PBXFileReference; lastKnownFileType = sourcecode.swift; path = HomeLocalDataManager.swift; sourceTree = "<group>"; };
		2250BA6C29102FCA00704CD7 /* HomeRemoteDataManager.swift */ = {isa = PBXFileReference; lastKnownFileType = sourcecode.swift; path = HomeRemoteDataManager.swift; sourceTree = "<group>"; };
		2250BA6E2910333F00704CD7 /* HomeView+UITableViewDelegate.swift */ = {isa = PBXFileReference; lastKnownFileType = sourcecode.swift; path = "HomeView+UITableViewDelegate.swift"; sourceTree = "<group>"; };
		2250BA712910342300704CD7 /* NameTVC.swift */ = {isa = PBXFileReference; lastKnownFileType = sourcecode.swift; path = NameTVC.swift; sourceTree = "<group>"; };
		2250BA732910345D00704CD7 /* NameTVC.xib */ = {isa = PBXFileReference; lastKnownFileType = file.xib; path = NameTVC.xib; sourceTree = "<group>"; };
		2250BA752910383F00704CD7 /* PhotoTVC.swift */ = {isa = PBXFileReference; lastKnownFileType = sourcecode.swift; path = PhotoTVC.swift; sourceTree = "<group>"; };
		2250BA772910387B00704CD7 /* PhotoTVC.xib */ = {isa = PBXFileReference; lastKnownFileType = file.xib; path = PhotoTVC.xib; sourceTree = "<group>"; };
		2250BA7929103B3600704CD7 /* GraphicsTVC.swift */ = {isa = PBXFileReference; lastKnownFileType = sourcecode.swift; path = GraphicsTVC.swift; sourceTree = "<group>"; };
		2250BA7B29103B4500704CD7 /* GraphicsTVC.xib */ = {isa = PBXFileReference; lastKnownFileType = file.xib; path = GraphicsTVC.xib; sourceTree = "<group>"; };
		2250BA7E29104ABF00704CD7 /* PhotoView.swift */ = {isa = PBXFileReference; lastKnownFileType = sourcecode.swift; path = PhotoView.swift; sourceTree = "<group>"; };
		2250BA80291050AC00704CD7 /* UIView+Extensions.swift */ = {isa = PBXFileReference; lastKnownFileType = sourcecode.swift; path = "UIView+Extensions.swift"; sourceTree = "<group>"; };
		2250BA892911784300704CD7 /* HomeGraphWireFrame.swift */ = {isa = PBXFileReference; lastKnownFileType = sourcecode.swift; path = HomeGraphWireFrame.swift; sourceTree = "<group>"; };
		2250BA8C2911789A00704CD7 /* HomeGraphView.swift */ = {isa = PBXFileReference; lastKnownFileType = sourcecode.swift; path = HomeGraphView.swift; sourceTree = "<group>"; };
		2250BA8F291178CC00704CD7 /* HomeGraphPresenter.swift */ = {isa = PBXFileReference; lastKnownFileType = sourcecode.swift; path = HomeGraphPresenter.swift; sourceTree = "<group>"; };
		2250BA91291178D800704CD7 /* HomeGraphProtocols.swift */ = {isa = PBXFileReference; lastKnownFileType = sourcecode.swift; path = HomeGraphProtocols.swift; sourceTree = "<group>"; };
		2250BA93291178E900704CD7 /* HomeGraphInteractor.swift */ = {isa = PBXFileReference; lastKnownFileType = sourcecode.swift; path = HomeGraphInteractor.swift; sourceTree = "<group>"; };
		2250BA9729117B4A00704CD7 /* HomeRouter.swift */ = {isa = PBXFileReference; lastKnownFileType = sourcecode.swift; path = HomeRouter.swift; sourceTree = "<group>"; };
		2250BA99291185EA00704CD7 /* HomeGraphRemoteDataManager.swift */ = {isa = PBXFileReference; lastKnownFileType = sourcecode.swift; path = HomeGraphRemoteDataManager.swift; sourceTree = "<group>"; };
		2250BA9C2911901D00704CD7 /* GraphicModel.swift */ = {isa = PBXFileReference; lastKnownFileType = sourcecode.swift; path = GraphicModel.swift; sourceTree = "<group>"; };
		2250BA9F2911916900704CD7 /* GraphicService.swift */ = {isa = PBXFileReference; lastKnownFileType = sourcecode.swift; path = GraphicService.swift; sourceTree = "<group>"; };
		2250BAA22911996A00704CD7 /* GraphTVC.swift */ = {isa = PBXFileReference; lastKnownFileType = sourcecode.swift; path = GraphTVC.swift; sourceTree = "<group>"; };
		2250BAA42911997A00704CD7 /* GraphTVC.xib */ = {isa = PBXFileReference; lastKnownFileType = file.xib; path = GraphTVC.xib; sourceTree = "<group>"; };
		2250BAA629119B8200704CD7 /* HomeGraphView+UITableViewDelegate.swift */ = {isa = PBXFileReference; lastKnownFileType = sourcecode.swift; path = "HomeGraphView+UITableViewDelegate.swift"; sourceTree = "<group>"; };
		2250BAA82911AC3800704CD7 /* GoogleService-Info.plist */ = {isa = PBXFileReference; fileEncoding = 4; lastKnownFileType = text.plist.xml; path = "GoogleService-Info.plist"; sourceTree = "<group>"; };
		2250BAAB2911B42C00704CD7 /* BackgroundView.swift */ = {isa = PBXFileReference; lastKnownFileType = sourcecode.swift; path = BackgroundView.swift; sourceTree = "<group>"; };
		2250BAAD2911D8BD00704CD7 /* UIColor+Extensions.swift */ = {isa = PBXFileReference; lastKnownFileType = sourcecode.swift; path = "UIColor+Extensions.swift"; sourceTree = "<group>"; };
		2250BAB02911E12800704CD7 /* ProfileModel.swift */ = {isa = PBXFileReference; lastKnownFileType = sourcecode.swift; path = ProfileModel.swift; sourceTree = "<group>"; };
		69A8E5C854A8BF3D99878962 /* Pods_Test_Azteca.framework */ = {isa = PBXFileReference; explicitFileType = wrapper.framework; includeInIndex = 0; path = Pods_Test_Azteca.framework; sourceTree = BUILT_PRODUCTS_DIR; };
		70F5458336F5E208C5BCD6F4 /* Pods-Test_Azteca.release.xcconfig */ = {isa = PBXFileReference; includeInIndex = 1; lastKnownFileType = text.xcconfig; name = "Pods-Test_Azteca.release.xcconfig"; path = "Target Support Files/Pods-Test_Azteca/Pods-Test_Azteca.release.xcconfig"; sourceTree = "<group>"; };
		B4619963547386BDDFFF8F4D /* Pods-Test_Azteca.debug.xcconfig */ = {isa = PBXFileReference; includeInIndex = 1; lastKnownFileType = text.xcconfig; name = "Pods-Test_Azteca.debug.xcconfig"; path = "Target Support Files/Pods-Test_Azteca/Pods-Test_Azteca.debug.xcconfig"; sourceTree = "<group>"; };
/* End PBXFileReference section */

/* Begin PBXFrameworksBuildPhase section */
		2250BA3929102C9800704CD7 /* Frameworks */ = {
			isa = PBXFrameworksBuildPhase;
			buildActionMask = 2147483647;
			files = (
				76DE711975009E1EB9FA31BD /* Pods_Test_Azteca.framework in Frameworks */,
			);
			runOnlyForDeploymentPostprocessing = 0;
		};
/* End PBXFrameworksBuildPhase section */

/* Begin PBXGroup section */
		2250BA3329102C9800704CD7 = {
			isa = PBXGroup;
			children = (
				2250BA3E29102C9800704CD7 /* Test_Azteca */,
				2250BA3D29102C9800704CD7 /* Products */,
				2C6DFE338864D0B3B1FA04B7 /* Pods */,
				62A7EC82E483D4504A832B77 /* Frameworks */,
			);
			sourceTree = "<group>";
		};
		2250BA3D29102C9800704CD7 /* Products */ = {
			isa = PBXGroup;
			children = (
				2250BA3C29102C9800704CD7 /* Test_Azteca.app */,
			);
			name = Products;
			sourceTree = "<group>";
		};
		2250BA3E29102C9800704CD7 /* Test_Azteca */ = {
			isa = PBXGroup;
			children = (
				2250BA9E2911915700704CD7 /* Services */,
				2250BA5E29102E1400704CD7 /* Extensions */,
				2250BAAA2911B3FD00704CD7 /* Misc */,
				2250BA5429102D3200704CD7 /* Modules */,
				2250BA3F29102C9800704CD7 /* AppDelegate.swift */,
				2250BA4129102C9800704CD7 /* SceneDelegate.swift */,
				2250BA4329102C9800704CD7 /* ViewController.swift */,
				2250BA4529102C9800704CD7 /* Main.storyboard */,
				2250BA4829102C9A00704CD7 /* Assets.xcassets */,
				2250BA4A29102C9A00704CD7 /* LaunchScreen.storyboard */,
				2250BA4D29102C9A00704CD7 /* Info.plist */,
				2250BAA82911AC3800704CD7 /* GoogleService-Info.plist */,
			);
			path = Test_Azteca;
			sourceTree = "<group>";
		};
		2250BA5429102D3200704CD7 /* Modules */ = {
			isa = PBXGroup;
			children = (
				2250BA5529102D4500704CD7 /* Home */,
			);
			path = Modules;
			sourceTree = "<group>";
		};
		2250BA5529102D4500704CD7 /* Home */ = {
			isa = PBXGroup;
			children = (
				2250BA5829102D7100704CD7 /* Home_Main */,
				2250BA7D291048FE00704CD7 /* Home_DetailPhoto */,
				2250BA882911781F00704CD7 /* Home_Graph */,
				2250BA5629102D5F00704CD7 /* HomeStoryBoard.storyboard */,
			);
			path = Home;
			sourceTree = "<group>";
		};
		2250BA5829102D7100704CD7 /* Home_Main */ = {
			isa = PBXGroup;
			children = (
				2250BAAF2911E11100704CD7 /* Entity */,
				2250BA5929102D8D00704CD7 /* HomeWireFrame.swift */,
				2250BA5B29102DBD00704CD7 /* View */,
				2250BA6229102E9F00704CD7 /* Presenter */,
				2250BA6729102F3900704CD7 /* Interactor */,
				2250BA9629117B2200704CD7 /* Router */,
			);
			path = Home_Main;
			sourceTree = "<group>";
		};
		2250BA5B29102DBD00704CD7 /* View */ = {
			isa = PBXGroup;
			children = (
				2250BA70291033F100704CD7 /* Components */,
				2250BA5C29102DE100704CD7 /* HomeView.swift */,
				2250BA6E2910333F00704CD7 /* HomeView+UITableViewDelegate.swift */,
			);
			path = View;
			sourceTree = "<group>";
		};
		2250BA5E29102E1400704CD7 /* Extensions */ = {
			isa = PBXGroup;
			children = (
				2250BA5F29102E2000704CD7 /* UIViewController */,
				2250BA80291050AC00704CD7 /* UIView+Extensions.swift */,
				2250BAAD2911D8BD00704CD7 /* UIColor+Extensions.swift */,
			);
			path = Extensions;
			sourceTree = "<group>";
		};
		2250BA5F29102E2000704CD7 /* UIViewController */ = {
			isa = PBXGroup;
			children = (
				2250BA6029102E4900704CD7 /* UIViewController+Storyboard.swift */,
			);
			path = UIViewController;
			sourceTree = "<group>";
		};
		2250BA6229102E9F00704CD7 /* Presenter */ = {
			isa = PBXGroup;
			children = (
				2250BA6329102EB000704CD7 /* HomeProtocols.swift */,
				2250BA6529102F0300704CD7 /* HomePresenter.swift */,
			);
			path = Presenter;
			sourceTree = "<group>";
		};
		2250BA6729102F3900704CD7 /* Interactor */ = {
			isa = PBXGroup;
			children = (
				2250BA6829102F6200704CD7 /* HomeInteractor.swift */,
				2250BA6A29102FA700704CD7 /* HomeLocalDataManager.swift */,
				2250BA6C29102FCA00704CD7 /* HomeRemoteDataManager.swift */,
			);
			path = Interactor;
			sourceTree = "<group>";
		};
		2250BA70291033F100704CD7 /* Components */ = {
			isa = PBXGroup;
			children = (
				2250BA712910342300704CD7 /* NameTVC.swift */,
				2250BA732910345D00704CD7 /* NameTVC.xib */,
				2250BA752910383F00704CD7 /* PhotoTVC.swift */,
				2250BA772910387B00704CD7 /* PhotoTVC.xib */,
				2250BA7929103B3600704CD7 /* GraphicsTVC.swift */,
				2250BA7B29103B4500704CD7 /* GraphicsTVC.xib */,
			);
			path = Components;
			sourceTree = "<group>";
		};
		2250BA7D291048FE00704CD7 /* Home_DetailPhoto */ = {
			isa = PBXGroup;
			children = (
				2250BA7E29104ABF00704CD7 /* PhotoView.swift */,
			);
			path = Home_DetailPhoto;
			sourceTree = "<group>";
		};
		2250BA882911781F00704CD7 /* Home_Graph */ = {
			isa = PBXGroup;
			children = (
				2250BA9B2911900500704CD7 /* Entity */,
				2250BA8B2911787700704CD7 /* View */,
				2250BA8E291178B600704CD7 /* Presenter */,
				2250BA952911790800704CD7 /* Interactor */,
				2250BA892911784300704CD7 /* HomeGraphWireFrame.swift */,
			);
			path = Home_Graph;
			sourceTree = "<group>";
		};
		2250BA8B2911787700704CD7 /* View */ = {
			isa = PBXGroup;
			children = (
				2250BAA12911993800704CD7 /* Components */,
				2250BA8C2911789A00704CD7 /* HomeGraphView.swift */,
				2250BAA629119B8200704CD7 /* HomeGraphView+UITableViewDelegate.swift */,
			);
			path = View;
			sourceTree = "<group>";
		};
		2250BA8E291178B600704CD7 /* Presenter */ = {
			isa = PBXGroup;
			children = (
				2250BA8F291178CC00704CD7 /* HomeGraphPresenter.swift */,
				2250BA91291178D800704CD7 /* HomeGraphProtocols.swift */,
			);
			path = Presenter;
			sourceTree = "<group>";
		};
		2250BA952911790800704CD7 /* Interactor */ = {
			isa = PBXGroup;
			children = (
				2250BA93291178E900704CD7 /* HomeGraphInteractor.swift */,
				2250BA99291185EA00704CD7 /* HomeGraphRemoteDataManager.swift */,
			);
			path = Interactor;
			sourceTree = "<group>";
		};
		2250BA9629117B2200704CD7 /* Router */ = {
			isa = PBXGroup;
			children = (
				2250BA9729117B4A00704CD7 /* HomeRouter.swift */,
			);
			path = Router;
			sourceTree = "<group>";
		};
		2250BA9B2911900500704CD7 /* Entity */ = {
			isa = PBXGroup;
			children = (
				2250BA9C2911901D00704CD7 /* GraphicModel.swift */,
			);
			path = Entity;
			sourceTree = "<group>";
		};
		2250BA9E2911915700704CD7 /* Services */ = {
			isa = PBXGroup;
			children = (
				2250BA9F2911916900704CD7 /* GraphicService.swift */,
			);
			path = Services;
			sourceTree = "<group>";
		};
		2250BAA12911993800704CD7 /* Components */ = {
			isa = PBXGroup;
			children = (
				2250BAA22911996A00704CD7 /* GraphTVC.swift */,
				2250BAA42911997A00704CD7 /* GraphTVC.xib */,
			);
			path = Components;
			sourceTree = "<group>";
		};
		2250BAAA2911B3FD00704CD7 /* Misc */ = {
			isa = PBXGroup;
			children = (
				2250BAAB2911B42C00704CD7 /* BackgroundView.swift */,
			);
			path = Misc;
			sourceTree = "<group>";
		};
		2250BAAF2911E11100704CD7 /* Entity */ = {
			isa = PBXGroup;
			children = (
				2250BAB02911E12800704CD7 /* ProfileModel.swift */,
			);
			path = Entity;
			sourceTree = "<group>";
		};
		2C6DFE338864D0B3B1FA04B7 /* Pods */ = {
			isa = PBXGroup;
			children = (
				B4619963547386BDDFFF8F4D /* Pods-Test_Azteca.debug.xcconfig */,
				70F5458336F5E208C5BCD6F4 /* Pods-Test_Azteca.release.xcconfig */,
			);
			path = Pods;
			sourceTree = "<group>";
		};
		62A7EC82E483D4504A832B77 /* Frameworks */ = {
			isa = PBXGroup;
			children = (
				69A8E5C854A8BF3D99878962 /* Pods_Test_Azteca.framework */,
			);
			name = Frameworks;
			sourceTree = "<group>";
		};
/* End PBXGroup section */

/* Begin PBXNativeTarget section */
		2250BA3B29102C9800704CD7 /* Test_Azteca */ = {
			isa = PBXNativeTarget;
			buildConfigurationList = 2250BA5029102C9A00704CD7 /* Build configuration list for PBXNativeTarget "Test_Azteca" */;
			buildPhases = (
				1A5E6EEE01BB99D3F390A862 /* [CP] Check Pods Manifest.lock */,
				2250BA3829102C9800704CD7 /* Sources */,
				2250BA3929102C9800704CD7 /* Frameworks */,
				2250BA3A29102C9800704CD7 /* Resources */,
				8B03BDA230836BD18E535D89 /* [CP] Embed Pods Frameworks */,
			);
			buildRules = (
			);
			dependencies = (
			);
			name = Test_Azteca;
			productName = Test_Azteca;
			productReference = 2250BA3C29102C9800704CD7 /* Test_Azteca.app */;
			productType = "com.apple.product-type.application";
		};
/* End PBXNativeTarget section */

/* Begin PBXProject section */
		2250BA3429102C9800704CD7 /* Project object */ = {
			isa = PBXProject;
			attributes = {
				BuildIndependentTargetsInParallel = 1;
				LastSwiftUpdateCheck = 1400;
				LastUpgradeCheck = 1400;
				TargetAttributes = {
					2250BA3B29102C9800704CD7 = {
						CreatedOnToolsVersion = 14.0;
					};
				};
			};
			buildConfigurationList = 2250BA3729102C9800704CD7 /* Build configuration list for PBXProject "Test_Azteca" */;
			compatibilityVersion = "Xcode 13.0";
			developmentRegion = en;
			hasScannedForEncodings = 0;
			knownRegions = (
				en,
				Base,
			);
			mainGroup = 2250BA3329102C9800704CD7;
			productRefGroup = 2250BA3D29102C9800704CD7 /* Products */;
			projectDirPath = "";
			projectRoot = "";
			targets = (
				2250BA3B29102C9800704CD7 /* Test_Azteca */,
			);
		};
/* End PBXProject section */

/* Begin PBXResourcesBuildPhase section */
		2250BA3A29102C9800704CD7 /* Resources */ = {
			isa = PBXResourcesBuildPhase;
			buildActionMask = 2147483647;
			files = (
				2250BA7C29103B4500704CD7 /* GraphicsTVC.xib in Resources */,
				2250BA4C29102C9A00704CD7 /* LaunchScreen.storyboard in Resources */,
				2250BAA92911AC3800704CD7 /* GoogleService-Info.plist in Resources */,
				2250BA4929102C9A00704CD7 /* Assets.xcassets in Resources */,
				2250BA782910387B00704CD7 /* PhotoTVC.xib in Resources */,
				2250BAA52911997A00704CD7 /* GraphTVC.xib in Resources */,
				2250BA5729102D5F00704CD7 /* HomeStoryBoard.storyboard in Resources */,
				2250BA4729102C9800704CD7 /* Main.storyboard in Resources */,
				2250BA742910345D00704CD7 /* NameTVC.xib in Resources */,
			);
			runOnlyForDeploymentPostprocessing = 0;
		};
/* End PBXResourcesBuildPhase section */

/* Begin PBXShellScriptBuildPhase section */
		1A5E6EEE01BB99D3F390A862 /* [CP] Check Pods Manifest.lock */ = {
			isa = PBXShellScriptBuildPhase;
			buildActionMask = 2147483647;
			files = (
			);
			inputFileListPaths = (
			);
			inputPaths = (
				"${PODS_PODFILE_DIR_PATH}/Podfile.lock",
				"${PODS_ROOT}/Manifest.lock",
			);
			name = "[CP] Check Pods Manifest.lock";
			outputFileListPaths = (
			);
			outputPaths = (
				"$(DERIVED_FILE_DIR)/Pods-Test_Azteca-checkManifestLockResult.txt",
			);
			runOnlyForDeploymentPostprocessing = 0;
			shellPath = /bin/sh;
			shellScript = "diff \"${PODS_PODFILE_DIR_PATH}/Podfile.lock\" \"${PODS_ROOT}/Manifest.lock\" > /dev/null\nif [ $? != 0 ] ; then\n    # print error to STDERR\n    echo \"error: The sandbox is not in sync with the Podfile.lock. Run 'pod install' or update your CocoaPods installation.\" >&2\n    exit 1\nfi\n# This output is used by Xcode 'outputs' to avoid re-running this script phase.\necho \"SUCCESS\" > \"${SCRIPT_OUTPUT_FILE_0}\"\n";
			showEnvVarsInLog = 0;
		};
		8B03BDA230836BD18E535D89 /* [CP] Embed Pods Frameworks */ = {
			isa = PBXShellScriptBuildPhase;
			buildActionMask = 2147483647;
			files = (
			);
			inputFileListPaths = (
				"${PODS_ROOT}/Target Support Files/Pods-Test_Azteca/Pods-Test_Azteca-frameworks-${CONFIGURATION}-input-files.xcfilelist",
			);
			name = "[CP] Embed Pods Frameworks";
			outputFileListPaths = (
				"${PODS_ROOT}/Target Support Files/Pods-Test_Azteca/Pods-Test_Azteca-frameworks-${CONFIGURATION}-output-files.xcfilelist",
			);
			runOnlyForDeploymentPostprocessing = 0;
			shellPath = /bin/sh;
			shellScript = "\"${PODS_ROOT}/Target Support Files/Pods-Test_Azteca/Pods-Test_Azteca-frameworks.sh\"\n";
			showEnvVarsInLog = 0;
		};
/* End PBXShellScriptBuildPhase section */

/* Begin PBXSourcesBuildPhase section */
		2250BA3829102C9800704CD7 /* Sources */ = {
			isa = PBXSourcesBuildPhase;
			buildActionMask = 2147483647;
			files = (
				2250BA94291178E900704CD7 /* HomeGraphInteractor.swift in Sources */,
				2250BAAE2911D8BD00704CD7 /* UIColor+Extensions.swift in Sources */,
				2250BA8A2911784300704CD7 /* HomeGraphWireFrame.swift in Sources */,
				2250BA9D2911901D00704CD7 /* GraphicModel.swift in Sources */,
				2250BAA729119B8200704CD7 /* HomeGraphView+UITableViewDelegate.swift in Sources */,
				2250BA4429102C9800704CD7 /* ViewController.swift in Sources */,
				2250BAA32911996A00704CD7 /* GraphTVC.swift in Sources */,
				2250BA5A29102D8D00704CD7 /* HomeWireFrame.swift in Sources */,
				2250BAA02911916900704CD7 /* GraphicService.swift in Sources */,
				2250BAB12911E12800704CD7 /* ProfileModel.swift in Sources */,
				2250BA92291178D800704CD7 /* HomeGraphProtocols.swift in Sources */,
				2250BA9A291185EA00704CD7 /* HomeGraphRemoteDataManager.swift in Sources */,
				2250BA6D29102FCA00704CD7 /* HomeRemoteDataManager.swift in Sources */,
				2250BA6B29102FA700704CD7 /* HomeLocalDataManager.swift in Sources */,
				2250BA6429102EB000704CD7 /* HomeProtocols.swift in Sources */,
				2250BA4029102C9800704CD7 /* AppDelegate.swift in Sources */,
				2250BA81291050AC00704CD7 /* UIView+Extensions.swift in Sources */,
				2250BA90291178CC00704CD7 /* HomeGraphPresenter.swift in Sources */,
				2250BA5D29102DE100704CD7 /* HomeView.swift in Sources */,
				2250BA4229102C9800704CD7 /* SceneDelegate.swift in Sources */,
				2250BAAC2911B42C00704CD7 /* BackgroundView.swift in Sources */,
				2250BA9829117B4A00704CD7 /* HomeRouter.swift in Sources */,
				2250BA722910342300704CD7 /* NameTVC.swift in Sources */,
				2250BA6F2910333F00704CD7 /* HomeView+UITableViewDelegate.swift in Sources */,
				2250BA6929102F6200704CD7 /* HomeInteractor.swift in Sources */,
				2250BA6129102E4900704CD7 /* UIViewController+Storyboard.swift in Sources */,
				2250BA762910383F00704CD7 /* PhotoTVC.swift in Sources */,
				2250BA8D2911789A00704CD7 /* HomeGraphView.swift in Sources */,
				2250BA6629102F0300704CD7 /* HomePresenter.swift in Sources */,
				2250BA7A29103B3600704CD7 /* GraphicsTVC.swift in Sources */,
				2250BA7F29104ABF00704CD7 /* PhotoView.swift in Sources */,
			);
			runOnlyForDeploymentPostprocessing = 0;
		};
/* End PBXSourcesBuildPhase section */

/* Begin PBXVariantGroup section */
		2250BA4529102C9800704CD7 /* Main.storyboard */ = {
			isa = PBXVariantGroup;
			children = (
				2250BA4629102C9800704CD7 /* Base */,
			);
			name = Main.storyboard;
			sourceTree = "<group>";
		};
		2250BA4A29102C9A00704CD7 /* LaunchScreen.storyboard */ = {
			isa = PBXVariantGroup;
			children = (
				2250BA4B29102C9A00704CD7 /* Base */,
			);
			name = LaunchScreen.storyboard;
			sourceTree = "<group>";
		};
/* End PBXVariantGroup section */

/* Begin XCBuildConfiguration section */
		2250BA4E29102C9A00704CD7 /* Debug */ = {
			isa = XCBuildConfiguration;
			buildSettings = {
				ALWAYS_SEARCH_USER_PATHS = NO;
				CLANG_ANALYZER_NONNULL = YES;
				CLANG_ANALYZER_NUMBER_OBJECT_CONVERSION = YES_AGGRESSIVE;
				CLANG_CXX_LANGUAGE_STANDARD = "gnu++20";
				CLANG_ENABLE_MODULES = YES;
				CLANG_ENABLE_OBJC_ARC = YES;
				CLANG_ENABLE_OBJC_WEAK = YES;
				CLANG_WARN_BLOCK_CAPTURE_AUTORELEASING = YES;
				CLANG_WARN_BOOL_CONVERSION = YES;
				CLANG_WARN_COMMA = YES;
				CLANG_WARN_CONSTANT_CONVERSION = YES;
				CLANG_WARN_DEPRECATED_OBJC_IMPLEMENTATIONS = YES;
				CLANG_WARN_DIRECT_OBJC_ISA_USAGE = YES_ERROR;
				CLANG_WARN_DOCUMENTATION_COMMENTS = YES;
				CLANG_WARN_EMPTY_BODY = YES;
				CLANG_WARN_ENUM_CONVERSION = YES;
				CLANG_WARN_INFINITE_RECURSION = YES;
				CLANG_WARN_INT_CONVERSION = YES;
				CLANG_WARN_NON_LITERAL_NULL_CONVERSION = YES;
				CLANG_WARN_OBJC_IMPLICIT_RETAIN_SELF = YES;
				CLANG_WARN_OBJC_LITERAL_CONVERSION = YES;
				CLANG_WARN_OBJC_ROOT_CLASS = YES_ERROR;
				CLANG_WARN_QUOTED_INCLUDE_IN_FRAMEWORK_HEADER = YES;
				CLANG_WARN_RANGE_LOOP_ANALYSIS = YES;
				CLANG_WARN_STRICT_PROTOTYPES = YES;
				CLANG_WARN_SUSPICIOUS_MOVE = YES;
				CLANG_WARN_UNGUARDED_AVAILABILITY = YES_AGGRESSIVE;
				CLANG_WARN_UNREACHABLE_CODE = YES;
				CLANG_WARN__DUPLICATE_METHOD_MATCH = YES;
				COPY_PHASE_STRIP = NO;
				DEBUG_INFORMATION_FORMAT = dwarf;
				ENABLE_STRICT_OBJC_MSGSEND = YES;
				ENABLE_TESTABILITY = YES;
				GCC_C_LANGUAGE_STANDARD = gnu11;
				GCC_DYNAMIC_NO_PIC = NO;
				GCC_NO_COMMON_BLOCKS = YES;
				GCC_OPTIMIZATION_LEVEL = 0;
				GCC_PREPROCESSOR_DEFINITIONS = (
					"DEBUG=1",
					"$(inherited)",
				);
				GCC_WARN_64_TO_32_BIT_CONVERSION = YES;
				GCC_WARN_ABOUT_RETURN_TYPE = YES_ERROR;
				GCC_WARN_UNDECLARED_SELECTOR = YES;
				GCC_WARN_UNINITIALIZED_AUTOS = YES_AGGRESSIVE;
				GCC_WARN_UNUSED_FUNCTION = YES;
				GCC_WARN_UNUSED_VARIABLE = YES;
				IPHONEOS_DEPLOYMENT_TARGET = 16.0;
				MTL_ENABLE_DEBUG_INFO = INCLUDE_SOURCE;
				MTL_FAST_MATH = YES;
				ONLY_ACTIVE_ARCH = YES;
				SDKROOT = iphoneos;
				SWIFT_ACTIVE_COMPILATION_CONDITIONS = DEBUG;
				SWIFT_OPTIMIZATION_LEVEL = "-Onone";
			};
			name = Debug;
		};
		2250BA4F29102C9A00704CD7 /* Release */ = {
			isa = XCBuildConfiguration;
			buildSettings = {
				ALWAYS_SEARCH_USER_PATHS = NO;
				CLANG_ANALYZER_NONNULL = YES;
				CLANG_ANALYZER_NUMBER_OBJECT_CONVERSION = YES_AGGRESSIVE;
				CLANG_CXX_LANGUAGE_STANDARD = "gnu++20";
				CLANG_ENABLE_MODULES = YES;
				CLANG_ENABLE_OBJC_ARC = YES;
				CLANG_ENABLE_OBJC_WEAK = YES;
				CLANG_WARN_BLOCK_CAPTURE_AUTORELEASING = YES;
				CLANG_WARN_BOOL_CONVERSION = YES;
				CLANG_WARN_COMMA = YES;
				CLANG_WARN_CONSTANT_CONVERSION = YES;
				CLANG_WARN_DEPRECATED_OBJC_IMPLEMENTATIONS = YES;
				CLANG_WARN_DIRECT_OBJC_ISA_USAGE = YES_ERROR;
				CLANG_WARN_DOCUMENTATION_COMMENTS = YES;
				CLANG_WARN_EMPTY_BODY = YES;
				CLANG_WARN_ENUM_CONVERSION = YES;
				CLANG_WARN_INFINITE_RECURSION = YES;
				CLANG_WARN_INT_CONVERSION = YES;
				CLANG_WARN_NON_LITERAL_NULL_CONVERSION = YES;
				CLANG_WARN_OBJC_IMPLICIT_RETAIN_SELF = YES;
				CLANG_WARN_OBJC_LITERAL_CONVERSION = YES;
				CLANG_WARN_OBJC_ROOT_CLASS = YES_ERROR;
				CLANG_WARN_QUOTED_INCLUDE_IN_FRAMEWORK_HEADER = YES;
				CLANG_WARN_RANGE_LOOP_ANALYSIS = YES;
				CLANG_WARN_STRICT_PROTOTYPES = YES;
				CLANG_WARN_SUSPICIOUS_MOVE = YES;
				CLANG_WARN_UNGUARDED_AVAILABILITY = YES_AGGRESSIVE;
				CLANG_WARN_UNREACHABLE_CODE = YES;
				CLANG_WARN__DUPLICATE_METHOD_MATCH = YES;
				COPY_PHASE_STRIP = NO;
				DEBUG_INFORMATION_FORMAT = "dwarf-with-dsym";
				ENABLE_NS_ASSERTIONS = NO;
				ENABLE_STRICT_OBJC_MSGSEND = YES;
				GCC_C_LANGUAGE_STANDARD = gnu11;
				GCC_NO_COMMON_BLOCKS = YES;
				GCC_WARN_64_TO_32_BIT_CONVERSION = YES;
				GCC_WARN_ABOUT_RETURN_TYPE = YES_ERROR;
				GCC_WARN_UNDECLARED_SELECTOR = YES;
				GCC_WARN_UNINITIALIZED_AUTOS = YES_AGGRESSIVE;
				GCC_WARN_UNUSED_FUNCTION = YES;
				GCC_WARN_UNUSED_VARIABLE = YES;
				IPHONEOS_DEPLOYMENT_TARGET = 16.0;
				MTL_ENABLE_DEBUG_INFO = NO;
				MTL_FAST_MATH = YES;
				SDKROOT = iphoneos;
				SWIFT_COMPILATION_MODE = wholemodule;
				SWIFT_OPTIMIZATION_LEVEL = "-O";
				VALIDATE_PRODUCT = YES;
			};
			name = Release;
		};
		2250BA5129102C9A00704CD7 /* Debug */ = {
			isa = XCBuildConfiguration;
			baseConfigurationReference = B4619963547386BDDFFF8F4D /* Pods-Test_Azteca.debug.xcconfig */;
			buildSettings = {
				ASSETCATALOG_COMPILER_APPICON_NAME = AppIcon;
				ASSETCATALOG_COMPILER_GLOBAL_ACCENT_COLOR_NAME = AccentColor;
				CODE_SIGN_STYLE = Automatic;
				CURRENT_PROJECT_VERSION = 1;
				DEVELOPMENT_TEAM = L6AQ88465Q;
				GENERATE_INFOPLIST_FILE = YES;
				INFOPLIST_FILE = Test_Azteca/Info.plist;
				INFOPLIST_KEY_UIApplicationSupportsIndirectInputEvents = YES;
				INFOPLIST_KEY_UILaunchStoryboardName = LaunchScreen;
				INFOPLIST_KEY_UIMainStoryboardFile = Main;
				INFOPLIST_KEY_UISupportedInterfaceOrientations_iPad = "UIInterfaceOrientationPortrait UIInterfaceOrientationPortraitUpsideDown UIInterfaceOrientationLandscapeLeft UIInterfaceOrientationLandscapeRight";
				INFOPLIST_KEY_UISupportedInterfaceOrientations_iPhone = "UIInterfaceOrientationPortrait UIInterfaceOrientationLandscapeLeft UIInterfaceOrientationLandscapeRight";
				LD_RUNPATH_SEARCH_PATHS = (
					"$(inherited)",
					"@executable_path/Frameworks",
				);
				MARKETING_VERSION = 1.0;
				PRODUCT_BUNDLE_IDENTIFIER = "testAzteca.mg.com.Test-Azteca";
				PRODUCT_NAME = "$(TARGET_NAME)";
				SWIFT_EMIT_LOC_STRINGS = YES;
				SWIFT_VERSION = 5.0;
				TARGETED_DEVICE_FAMILY = "1,2";
			};
			name = Debug;
		};
		2250BA5229102C9A00704CD7 /* Release */ = {
			isa = XCBuildConfiguration;
			baseConfigurationReference = 70F5458336F5E208C5BCD6F4 /* Pods-Test_Azteca.release.xcconfig */;
			buildSettings = {
				ASSETCATALOG_COMPILER_APPICON_NAME = AppIcon;
				ASSETCATALOG_COMPILER_GLOBAL_ACCENT_COLOR_NAME = AccentColor;
				CODE_SIGN_STYLE = Automatic;
				CURRENT_PROJECT_VERSION = 1;
				DEVELOPMENT_TEAM = L6AQ88465Q;
				GENERATE_INFOPLIST_FILE = YES;
				INFOPLIST_FILE = Test_Azteca/Info.plist;
				INFOPLIST_KEY_UIApplicationSupportsIndirectInputEvents = YES;
				INFOPLIST_KEY_UILaunchStoryboardName = LaunchScreen;
				INFOPLIST_KEY_UIMainStoryboardFile = Main;
				INFOPLIST_KEY_UISupportedInterfaceOrientations_iPad = "UIInterfaceOrientationPortrait UIInterfaceOrientationPortraitUpsideDown UIInterfaceOrientationLandscapeLeft UIInterfaceOrientationLandscapeRight";
				INFOPLIST_KEY_UISupportedInterfaceOrientations_iPhone = "UIInterfaceOrientationPortrait UIInterfaceOrientationLandscapeLeft UIInterfaceOrientationLandscapeRight";
				LD_RUNPATH_SEARCH_PATHS = (
					"$(inherited)",
					"@executable_path/Frameworks",
				);
				MARKETING_VERSION = 1.0;
				PRODUCT_BUNDLE_IDENTIFIER = "testAzteca.mg.com.Test-Azteca";
				PRODUCT_NAME = "$(TARGET_NAME)";
				SWIFT_EMIT_LOC_STRINGS = YES;
				SWIFT_VERSION = 5.0;
				TARGETED_DEVICE_FAMILY = "1,2";
			};
			name = Release;
		};
/* End XCBuildConfiguration section */

/* Begin XCConfigurationList section */
		2250BA3729102C9800704CD7 /* Build configuration list for PBXProject "Test_Azteca" */ = {
			isa = XCConfigurationList;
			buildConfigurations = (
				2250BA4E29102C9A00704CD7 /* Debug */,
				2250BA4F29102C9A00704CD7 /* Release */,
			);
			defaultConfigurationIsVisible = 0;
			defaultConfigurationName = Release;
		};
		2250BA5029102C9A00704CD7 /* Build configuration list for PBXNativeTarget "Test_Azteca" */ = {
			isa = XCConfigurationList;
			buildConfigurations = (
				2250BA5129102C9A00704CD7 /* Debug */,
				2250BA5229102C9A00704CD7 /* Release */,
			);
			defaultConfigurationIsVisible = 0;
			defaultConfigurationName = Release;
		};
/* End XCConfigurationList section */
	};
	rootObject = 2250BA3429102C9800704CD7 /* Project object */;
}
